
Microsoft Visual Studio Solution File, Format Version 12.00
# Visual Studio Version 17
VisualStudioVersion = 17.11.35327.3
MinimumVisualStudioVersion = 10.0.40219.1
Project("{FAE04EC0-301F-11D3-BF4B-00C04F79EFBC}") = "FrostbiteStringScanner", "FrostbiteStringScanner\FrostbiteStringScanner.csproj", "{DAA167E5-75B7-4BFD-BEA3-67C1966C38D9}"
EndProject
Global
	GlobalSection(SolutionConfigurationPlatforms) = preSolution
		Debug|Any CPU = Debug|Any CPU
		Release|Any CPU = Release|Any CPU
	EndGlobalSection
	GlobalSection(ProjectConfigurationPlatforms) = postSolution
		{DAA167E5-75B7-4BFD-BEA3-67C1966C38D9}.Debug|Any CPU.ActiveCfg = Debug|Any CPU
		{DAA167E5-75B7-4BFD-BEA3-67C1966C38D9}.Debug|Any CPU.Build.0 = Debug|Any CPU
		{DAA167E5-75B7-4BFD-BEA3-67C1966C38D9}.Release|Any CPU.ActiveCfg = Release|Any CPU
		{DAA167E5-75B7-4BFD-BEA3-67C1966C38D9}.Release|Any CPU.Build.0 = Release|Any CPU
	EndGlobalSection
	GlobalSection(SolutionProperties) = preSolution
		HideSolutionNode = FALSE
	EndGlobalSection
	GlobalSection(ExtensibilityGlobals) = postSolution
		SolutionGuid = {5E76A5B7-5C9D-4FAE-A1CF-582AA41A866F}
	EndGlobalSection
EndGlobal
